
Microsoft Visual Studio Solution File, Format Version 12.00
# Visual Studio Version 17
VisualStudioVersion = 17.6.33829.357
MinimumVisualStudioVersion = 10.0.40219.1
Project("{FAE04EC0-301F-11D3-BF4B-00C04F79EFBC}") = "Sales", "Sales\Sales.csproj", "{199328F9-429D-4212-A43B-05053746809D}"
EndProject
Global
	GlobalSection(SolutionConfigurationPlatforms) = preSolution
		Debug|Any CPU = Debug|Any CPU
		Release|Any CPU = Release|Any CPU
	EndGlobalSection
	GlobalSection(ProjectConfigurationPlatforms) = postSolution
		{199328F9-429D-4212-A43B-05053746809D}.Debug|Any CPU.ActiveCfg = Debug|Any CPU
		{199328F9-429D-4212-A43B-05053746809D}.Debug|Any CPU.Build.0 = Debug|Any CPU
		{199328F9-429D-4212-A43B-05053746809D}.Release|Any CPU.ActiveCfg = Release|Any CPU
		{199328F9-429D-4212-A43B-05053746809D}.Release|Any CPU.Build.0 = Release|Any CPU
	EndGlobalSection
	GlobalSection(SolutionProperties) = preSolution
		HideSolutionNode = FALSE
	EndGlobalSection
	GlobalSection(ExtensibilityGlobals) = postSolution
		SolutionGuid = {C5661378-7579-45E5-B20B-3FB2B72B9225}
	EndGlobalSection
EndGlobal
